
Microsoft Visual Studio Solution File, Format Version 12.00
Project("{FAE04EC0-301F-11D3-BF4B-00C04F79EFBC}") = "Task1", "Task1\Task1.csproj", "{78753807-D19E-4B95-9DBC-363B4C82420E}"
EndProject
Project("{FAE04EC0-301F-11D3-BF4B-00C04F79EFBC}") = "Task 2", "Task 2\Task 2.csproj", "{6270FB2C-F052-4DB5-A979-AA1E9E7E0464}"
EndProject
Project("{FAE04EC0-301F-11D3-BF4B-00C04F79EFBC}") = "Task 3", "Task 3\Task 3.csproj", "{AD641501-56D6-44CA-B897-FD645F06985A}"
EndProject
Project("{FAE04EC0-301F-11D3-BF4B-00C04F79EFBC}") = "Task 5", "Task 5\Task 5.csproj", "{C84C222D-E67A-4BF3-AD62-87CEF053D018}"
EndProject
Project("{FAE04EC0-301F-11D3-BF4B-00C04F79EFBC}") = "Task 6", "Task 6\Task 6.csproj", "{5026A42C-2B36-4670-BF12-ADF935F36998}"
EndProject
Global
	GlobalSection(SolutionConfigurationPlatforms) = preSolution
		Debug|Any CPU = Debug|Any CPU
		Release|Any CPU = Release|Any CPU
	EndGlobalSection
	GlobalSection(ProjectConfigurationPlatforms) = postSolution
		{78753807-D19E-4B95-9DBC-363B4C82420E}.Debug|Any CPU.ActiveCfg = Debug|Any CPU
		{78753807-D19E-4B95-9DBC-363B4C82420E}.Debug|Any CPU.Build.0 = Debug|Any CPU
		{78753807-D19E-4B95-9DBC-363B4C82420E}.Release|Any CPU.ActiveCfg = Release|Any CPU
		{78753807-D19E-4B95-9DBC-363B4C82420E}.Release|Any CPU.Build.0 = Release|Any CPU
		{6270FB2C-F052-4DB5-A979-AA1E9E7E0464}.Debug|Any CPU.ActiveCfg = Debug|Any CPU
		{6270FB2C-F052-4DB5-A979-AA1E9E7E0464}.Debug|Any CPU.Build.0 = Debug|Any CPU
		{6270FB2C-F052-4DB5-A979-AA1E9E7E0464}.Release|Any CPU.ActiveCfg = Release|Any CPU
		{6270FB2C-F052-4DB5-A979-AA1E9E7E0464}.Release|Any CPU.Build.0 = Release|Any CPU
		{AD641501-56D6-44CA-B897-FD645F06985A}.Debug|Any CPU.ActiveCfg = Debug|Any CPU
		{AD641501-56D6-44CA-B897-FD645F06985A}.Debug|Any CPU.Build.0 = Debug|Any CPU
		{AD641501-56D6-44CA-B897-FD645F06985A}.Release|Any CPU.ActiveCfg = Release|Any CPU
		{AD641501-56D6-44CA-B897-FD645F06985A}.Release|Any CPU.Build.0 = Release|Any CPU
		{C84C222D-E67A-4BF3-AD62-87CEF053D018}.Debug|Any CPU.ActiveCfg = Debug|Any CPU
		{C84C222D-E67A-4BF3-AD62-87CEF053D018}.Debug|Any CPU.Build.0 = Debug|Any CPU
		{C84C222D-E67A-4BF3-AD62-87CEF053D018}.Release|Any CPU.ActiveCfg = Release|Any CPU
		{C84C222D-E67A-4BF3-AD62-87CEF053D018}.Release|Any CPU.Build.0 = Release|Any CPU
		{5026A42C-2B36-4670-BF12-ADF935F36998}.Debug|Any CPU.ActiveCfg = Debug|Any CPU
		{5026A42C-2B36-4670-BF12-ADF935F36998}.Debug|Any CPU.Build.0 = Debug|Any CPU
		{5026A42C-2B36-4670-BF12-ADF935F36998}.Release|Any CPU.ActiveCfg = Release|Any CPU
		{5026A42C-2B36-4670-BF12-ADF935F36998}.Release|Any CPU.Build.0 = Release|Any CPU
	EndGlobalSection
EndGlobal
